PODS:
  - Capacitor (8.4.1):
    - CapacitorCordova
  - CapacitorCordova (8.4.1)
  - CapacitorHaptics (8.0.2):
    - Capacitor
  - CapacitorLocalNotifications (8.2.0):
    - Capacitor
  - PurchasesHybridCommon (18.15.1):
    - RevenueCat (= 5.78.0)
  - RevenueCat (5.78.0)
  - RevenuecatPurchasesCapacitor (13.2.0):
    - Capacitor
    - PurchasesHybridCommon (= 18.15.1)

DEPENDENCIES:
  - "Capacitor (from `../../node_modules/@capacitor/ios`)"
  - "CapacitorCordova (from `../../node_modules/@capacitor/ios`)"
  - "CapacitorHaptics (from `../../node_modules/@capacitor/haptics`)"
  - "CapacitorLocalNotifications (from `../../node_modules/@capacitor/local-notifications`)"
  - "RevenuecatPurchasesCapacitor (from `../../node_modules/@revenuecat/purchases-capacitor`)"

SPEC REPOS:
  trunk:
    - PurchasesHybridCommon
    - RevenueCat

EXTERNAL SOURCES:
  Capacitor:
    :path: "../../node_modules/@capacitor/ios"
  CapacitorCordova:
    :path: "../../node_modules/@capacitor/ios"
  CapacitorHaptics:
    :path: "../../node_modules/@capacitor/haptics"
  CapacitorLocalNotifications:
    :path: "../../node_modules/@capacitor/local-notifications"
  RevenuecatPurchasesCapacitor:
    :path: "../../node_modules/@revenuecat/purchases-capacitor"

SPEC CHECKSUMS:
  Capacitor: 35242afe195b1e53c58ca1b827d1b444c5e6602b
  CapacitorCordova: eebe6bcf807b1b06f3f48237650f96bbcd0eef09
  CapacitorHaptics: 296f771ecd89c7a1bd92a7b6826a7d268e2e70f5
  CapacitorLocalNotifications: 2615aa008f608b95d3921a778ee1988abf1e6148
  PurchasesHybridCommon: eed735a411c1aee8c05d62933fa7c4a40ede4009
  RevenueCat: f3641992451c1426da8d8d1466cec3bbdb765962
  RevenuecatPurchasesCapacitor: 180e7d224124f97c23eaae9d590a90a510115f70

PODFILE CHECKSUM: 39d0074d5c2ce70c25b00b5412baad66eabe35f9

COCOAPODS: 1.16.2
