PODS:
  - Capacitor (5.7.8):
    - CapacitorCordova
  - CapacitorCordova (5.7.8)
  - CordovaPlugins (5.7.8):
    - CapacitorCordova
  - CordovaPluginsResources (0.0.105)

DEPENDENCIES:
  - "Capacitor (from `../../node_modules/@capacitor/ios`)"
  - "CapacitorCordova (from `../../node_modules/@capacitor/ios`)"
  - CordovaPlugins (from `../capacitor-cordova-ios-plugins`)
  - CordovaPluginsResources (from `../capacitor-cordova-ios-plugins`)

EXTERNAL SOURCES:
  Capacitor:
    :path: "../../node_modules/@capacitor/ios"
  CapacitorCordova:
    :path: "../../node_modules/@capacitor/ios"
  CordovaPlugins:
    :path: "../capacitor-cordova-ios-plugins"
  CordovaPluginsResources:
    :path: "../capacitor-cordova-ios-plugins"

SPEC CHECKSUMS:
  Capacitor: 747aadb4fa786f460d8cd9d0557cb81440a13747
  CapacitorCordova: 31ab98dca2ddcee051027a1afe7e8c85c82f7297
  CordovaPlugins: fadc64ac8b691e1dd57f27a73ac4727b8b5fd214
  CordovaPluginsResources: 0c211f770ed91763a179ebcd9b9346e120b70662

PODFILE CHECKSUM: a1f057b6612bbb9a652884a396ea78cfefea119f

COCOAPODS: 1.16.2
